{
  "requires": true,
  "lockfileVersion": 1,
  "dependencies": {
    "ng-particles": {
      "version": "2.18.2",
      "resolved": "https://registry.npmjs.org/ng-particles/-/ng-particles-2.18.2.tgz",
      "integrity": "sha512-VgH2BAjn5YfxQNiodbzHzVbXqMiy3H/0d3QU9uKJ8kuCY+R6QFOC1P8mZnoJ4SQHzvnXQ2Y24pk9sL35hCRaQQ==",
      "requires": {
        "tslib": "^2.2.0"
      }
    },
    "tslib": {
      "version": "2.3.1",
      "resolved": "https://registry.npmjs.org/tslib/-/tslib-2.3.1.tgz",
      "integrity": "sha512-77EbyPPpMz+FRFRuAFlWMtmgUWGe9UOG2Z25NqCwiIjRhOf5iKGuzSe5P2w1laq+FkRy4p+PCuVkJSGkzTEKVw=="
    },
    "tsparticles": {
      "version": "1.35.2",
      "resolved": "https://registry.npmjs.org/tsparticles/-/tsparticles-1.35.2.tgz",
      "integrity": "sha512-VYiSs07jRfrSeU10sWcjl8n+O/bSeM2uERhFXVFtZmdedh1w/vMXZWdgn+unjVfkz/vusQ5ZmDkLVmn8H5hIEA=="
    }
  }
}
